# THIS IS AN AUTOGENERATED FILE. DO NOT EDIT THIS FILE DIRECTLY.
# yarn lockfile v1


csstype@^3.1.0:
  version "3.1.0"
  resolved "https://registry.yarnpkg.com/csstype/-/csstype-3.1.0.tgz#4ddcac3718d787cf9df0d1b7d15033925c8f29f2"
  integrity sha512-uX1KG+x9h5hIJsaKR9xHUeUraxf8IODOwq9JLNPq6BwB04a/xgpq3rcx47l5BZu5zBPlgD342tdke3Hom/nJRA==

solid-js@^1.5.4:
  version "1.5.4"
  resolved "https://registry.yarnpkg.com/solid-js/-/solid-js-1.5.4.tgz#780a1756907d3a9e90b76e6726f52b81bf16d753"
  integrity sha512-+65anSHhH27htkhP5LuC912fviMIckgc7/yN+WWrKhS9Kp3dvtDNl5/m4GWX1lpCvcubjShqJjGt16HET5z5Ig==
  dependencies:
    csstype "^3.1.0"
